
Microsoft Visual Studio Solution File, Format Version 12.00
# Visual Studio for Mac
Project("{FAE04EC0-301F-11D3-BF4B-00C04F79EFBC}") = "VuforiaScripts", "VuforiaScripts.csproj", "{5972E1F6-EF24-75A6-3E56-DA03B7A42E12}"
EndProject
Project("{FAE04EC0-301F-11D3-BF4B-00C04F79EFBC}") = "VuforiaEditorScripts", "VuforiaEditorScripts.csproj", "{46D99315-6A77-AF91-BE43-4D223709E0AB}"
EndProject
Global
	GlobalSection(SolutionConfigurationPlatforms) = preSolution
		Debug|Any CPU = Debug|Any CPU
		Release|Any CPU = Release|Any CPU
	EndGlobalSection
	GlobalSection(ProjectConfigurationPlatforms) = postSolution
		{5972E1F6-EF24-75A6-3E56-DA03B7A42E12}.Debug|Any CPU.ActiveCfg = Debug|Any CPU
		{5972E1F6-EF24-75A6-3E56-DA03B7A42E12}.Debug|Any CPU.Build.0 = Debug|Any CPU
		{5972E1F6-EF24-75A6-3E56-DA03B7A42E12}.Release|Any CPU.ActiveCfg = Release|Any CPU
		{5972E1F6-EF24-75A6-3E56-DA03B7A42E12}.Release|Any CPU.Build.0 = Release|Any CPU
		{46D99315-6A77-AF91-BE43-4D223709E0AB}.Debug|Any CPU.ActiveCfg = Debug|Any CPU
		{46D99315-6A77-AF91-BE43-4D223709E0AB}.Debug|Any CPU.Build.0 = Debug|Any CPU
		{46D99315-6A77-AF91-BE43-4D223709E0AB}.Release|Any CPU.ActiveCfg = Release|Any CPU
		{46D99315-6A77-AF91-BE43-4D223709E0AB}.Release|Any CPU.Build.0 = Release|Any CPU
	EndGlobalSection
	GlobalSection(SolutionProperties) = preSolution
		HideSolutionNode = FALSE
	EndGlobalSection
EndGlobal
