
Microsoft Visual Studio Solution File, Format Version 12.00
# Visual Studio for Mac
Project("{FAE04EC0-301F-11D3-BF4B-00C04F79EFBC}") = "VuforiaScripts", "VuforiaScripts.csproj", "{74A255EB-DB11-1DF8-9111-9958891CD468}"
EndProject
Project("{FAE04EC0-301F-11D3-BF4B-00C04F79EFBC}") = "VuforiaEditorScripts", "VuforiaEditorScripts.csproj", "{EB43D28B-5E34-EF5D-7AB3-DC7EFDF8C218}"
EndProject
Global
	GlobalSection(SolutionConfigurationPlatforms) = preSolution
		Debug|Any CPU = Debug|Any CPU
		Release|Any CPU = Release|Any CPU
	EndGlobalSection
	GlobalSection(ProjectConfigurationPlatforms) = postSolution
		{74A255EB-DB11-1DF8-9111-9958891CD468}.Debug|Any CPU.ActiveCfg = Debug|Any CPU
		{74A255EB-DB11-1DF8-9111-9958891CD468}.Debug|Any CPU.Build.0 = Debug|Any CPU
		{74A255EB-DB11-1DF8-9111-9958891CD468}.Release|Any CPU.ActiveCfg = Release|Any CPU
		{74A255EB-DB11-1DF8-9111-9958891CD468}.Release|Any CPU.Build.0 = Release|Any CPU
		{EB43D28B-5E34-EF5D-7AB3-DC7EFDF8C218}.Debug|Any CPU.ActiveCfg = Debug|Any CPU
		{EB43D28B-5E34-EF5D-7AB3-DC7EFDF8C218}.Debug|Any CPU.Build.0 = Debug|Any CPU
		{EB43D28B-5E34-EF5D-7AB3-DC7EFDF8C218}.Release|Any CPU.ActiveCfg = Release|Any CPU
		{EB43D28B-5E34-EF5D-7AB3-DC7EFDF8C218}.Release|Any CPU.Build.0 = Release|Any CPU
	EndGlobalSection
	GlobalSection(SolutionProperties) = preSolution
		HideSolutionNode = FALSE
	EndGlobalSection
EndGlobal
